
Microsoft Visual Studio Solution File, Format Version 12.00
# Visual Studio Version 16
VisualStudioVersion = 16.0.30804.86
MinimumVisualStudioVersion = 10.0.40219.1
Project("{9A19103F-16F7-4668-BE54-9A1E7A4F7556}") = "NIMBUSWorkForm", "WpfApp1\NIMBUSWorkForm.csproj", "{96A735A7-49B6-45E4-8B25-A9C8F0B4A4F0}"
EndProject
Project("{9A19103F-16F7-4668-BE54-9A1E7A4F7556}") = "Tests", "Tests\Tests.csproj", "{485EB115-4BA8-42FA-8D68-DB32AE54C52F}"
EndProject
Global
	GlobalSection(SolutionConfigurationPlatforms) = preSolution
		Debug|Any CPU = Debug|Any CPU
		Release|Any CPU = Release|Any CPU
	EndGlobalSection
	GlobalSection(ProjectConfigurationPlatforms) = postSolution
		{96A735A7-49B6-45E4-8B25-A9C8F0B4A4F0}.Debug|Any CPU.ActiveCfg = Debug|Any CPU
		{96A735A7-49B6-45E4-8B25-A9C8F0B4A4F0}.Debug|Any CPU.Build.0 = Debug|Any CPU
		{96A735A7-49B6-45E4-8B25-A9C8F0B4A4F0}.Release|Any CPU.ActiveCfg = Release|Any CPU
		{96A735A7-49B6-45E4-8B25-A9C8F0B4A4F0}.Release|Any CPU.Build.0 = Release|Any CPU
		{485EB115-4BA8-42FA-8D68-DB32AE54C52F}.Debug|Any CPU.ActiveCfg = Debug|Any CPU
		{485EB115-4BA8-42FA-8D68-DB32AE54C52F}.Debug|Any CPU.Build.0 = Debug|Any CPU
		{485EB115-4BA8-42FA-8D68-DB32AE54C52F}.Release|Any CPU.ActiveCfg = Release|Any CPU
		{485EB115-4BA8-42FA-8D68-DB32AE54C52F}.Release|Any CPU.Build.0 = Release|Any CPU
	EndGlobalSection
	GlobalSection(SolutionProperties) = preSolution
		HideSolutionNode = FALSE
	EndGlobalSection
	GlobalSection(ExtensibilityGlobals) = postSolution
		SolutionGuid = {45FEE8CA-FECB-4CBB-AB26-ADD7196BEDD4}
	EndGlobalSection
EndGlobal
